
Microsoft Visual Studio Solution File, Format Version 12.00
# Visual Studio Version 17
VisualStudioVersion = 17.9.34728.123
MinimumVisualStudioVersion = 10.0.40219.1
Project("{9A19103F-16F7-4668-BE54-9A1E7A4F7556}") = "ChmodConverter", "ChmodConverter.csproj", "{42264737-1F14-4FFF-9F22-9945E74DE11D}"
EndProject
Project("{9A19103F-16F7-4668-BE54-9A1E7A4F7556}") = "ChmodConverterTests", "..\ChmodConverterTests\ChmodConverterTests.csproj", "{1DCEB368-6990-4991-9C4A-7F94219E54EF}"
EndProject
Project("{FAE04EC0-301F-11D3-BF4B-00C04F79EFBC}") = "WpfInterface", "..\WpfInterface\WpfInterface.csproj", "{053E3BAC-08F3-4D1B-BC3F-F681E5E01B58}"
EndProject
Global
	GlobalSection(SolutionConfigurationPlatforms) = preSolution
		Debug|Any CPU = Debug|Any CPU
		Release|Any CPU = Release|Any CPU
	EndGlobalSection
	GlobalSection(ProjectConfigurationPlatforms) = postSolution
		{42264737-1F14-4FFF-9F22-9945E74DE11D}.Debug|Any CPU.ActiveCfg = Debug|Any CPU
		{42264737-1F14-4FFF-9F22-9945E74DE11D}.Debug|Any CPU.Build.0 = Debug|Any CPU
		{42264737-1F14-4FFF-9F22-9945E74DE11D}.Release|Any CPU.ActiveCfg = Release|Any CPU
		{42264737-1F14-4FFF-9F22-9945E74DE11D}.Release|Any CPU.Build.0 = Release|Any CPU
		{1DCEB368-6990-4991-9C4A-7F94219E54EF}.Debug|Any CPU.ActiveCfg = Debug|Any CPU
		{1DCEB368-6990-4991-9C4A-7F94219E54EF}.Debug|Any CPU.Build.0 = Debug|Any CPU
		{1DCEB368-6990-4991-9C4A-7F94219E54EF}.Release|Any CPU.ActiveCfg = Release|Any CPU
		{1DCEB368-6990-4991-9C4A-7F94219E54EF}.Release|Any CPU.Build.0 = Release|Any CPU
		{053E3BAC-08F3-4D1B-BC3F-F681E5E01B58}.Debug|Any CPU.ActiveCfg = Debug|Any CPU
		{053E3BAC-08F3-4D1B-BC3F-F681E5E01B58}.Debug|Any CPU.Build.0 = Debug|Any CPU
		{053E3BAC-08F3-4D1B-BC3F-F681E5E01B58}.Release|Any CPU.ActiveCfg = Release|Any CPU
		{053E3BAC-08F3-4D1B-BC3F-F681E5E01B58}.Release|Any CPU.Build.0 = Release|Any CPU
	EndGlobalSection
	GlobalSection(SolutionProperties) = preSolution
		HideSolutionNode = FALSE
	EndGlobalSection
	GlobalSection(ExtensibilityGlobals) = postSolution
		SolutionGuid = {4F45EFE5-BE99-4168-8A70-B8893DDE8504}
	EndGlobalSection
EndGlobal
